Microsoft Visual Studio Solution File, Format Version 12.00
# Visual Studio Version 17
VisualStudioVersion = 17.5.2.0
MinimumVisualStudioVersion = 10.0.40219.1
Project("{FAE04EC0-301F-11D3-BF4B-00C04F79EFBC}") = "SqlApi", "SqlApi\SqlApi.csproj", "{FDF23CB8-D17C-C288-8A23-129163D1CB94}"
EndProject
Global
	GlobalSection(SolutionConfigurationPlatforms) = preSolution
		Debug|Any CPU = Debug|Any CPU
		Release|Any CPU = Release|Any CPU
	EndGlobalSection
	GlobalSection(ProjectConfigurationPlatforms) = postSolution
		{FDF23CB8-D17C-C288-8A23-129163D1CB94}.Debug|Any CPU.ActiveCfg = Debug|Any CPU
		{FDF23CB8-D17C-C288-8A23-129163D1CB94}.Debug|Any CPU.Build.0 = Debug|Any CPU
		{FDF23CB8-D17C-C288-8A23-129163D1CB94}.Release|Any CPU.ActiveCfg = Release|Any CPU
		{FDF23CB8-D17C-C288-8A23-129163D1CB94}.Release|Any CPU.Build.0 = Release|Any CPU
	EndGlobalSection
	GlobalSection(SolutionProperties) = preSolution
		HideSolutionNode = FALSE
	EndGlobalSection
	GlobalSection(ExtensibilityGlobals) = postSolution
		SolutionGuid = {E75EB1C7-4CC7-4084-80C8-3F8BBCED67A5}
	EndGlobalSection
EndGlobal
