
Microsoft Visual Studio Solution File, Format Version 12.00
# Visual Studio Version 17
VisualStudioVersion = 17.13.35919.96
MinimumVisualStudioVersion = 10.0.40219.1
Project("{C9674DCB-5085-4A16-B785-4C70DD1589BD}") = "SSIS Course Part 1", "SSIS Course Part 1.dtproj", "{D15EF2D2-1530-448F-0B1A-01615FC0E1D4}"
EndProject
Global
	GlobalSection(SolutionConfigurationPlatforms) = preSolution
		Development|Default = Development|Default
	EndGlobalSection
	GlobalSection(ProjectConfigurationPlatforms) = postSolution
		{D15EF2D2-1530-448F-0B1A-01615FC0E1D4}.Development|Default.ActiveCfg = Development
		{D15EF2D2-1530-448F-0B1A-01615FC0E1D4}.Development|Default.Build.0 = Development
	EndGlobalSection
	GlobalSection(SolutionProperties) = preSolution
		HideSolutionNode = FALSE
	EndGlobalSection
	GlobalSection(ExtensibilityGlobals) = postSolution
		SolutionGuid = {234E13BB-B2C5-4452-BB26-0A8F29DDC1B7}
	EndGlobalSection
EndGlobal
